
Microsoft Visual Studio Solution File, Format Version 12.00
# Visual Studio Version 16
VisualStudioVersion = 16.0.29519.181
MinimumVisualStudioVersion = 10.0.40219.1
Project("{FAE04EC0-301F-11D3-BF4B-00C04F79EFBC}") = "PenguinAfterAll", "OlcSideScrollingConsoleGame\PenguinAfterAll.csproj", "{F454886E-DF75-47C7-B2C7-F211321A723C}"
EndProject
Project("{FAE04EC0-301F-11D3-BF4B-00C04F79EFBC}") = "UnitTest", "UnitTest\UnitTest.csproj", "{D7AAF725-E432-4F52-9A14-BF58FE76974F}"
EndProject
Global
	GlobalSection(SolutionConfigurationPlatforms) = preSolution
		Debug|Any CPU = Debug|Any CPU
		Release|Any CPU = Release|Any CPU
	EndGlobalSection
	GlobalSection(ProjectConfigurationPlatforms) = postSolution
		{F454886E-DF75-47C7-B2C7-F211321A723C}.Debug|Any CPU.ActiveCfg = Debug|Any CPU
		{F454886E-DF75-47C7-B2C7-F211321A723C}.Debug|Any CPU.Build.0 = Debug|Any CPU
		{F454886E-DF75-47C7-B2C7-F211321A723C}.Release|Any CPU.ActiveCfg = Release|Any CPU
		{F454886E-DF75-47C7-B2C7-F211321A723C}.Release|Any CPU.Build.0 = Release|Any CPU
		{D7AAF725-E432-4F52-9A14-BF58FE76974F}.Debug|Any CPU.ActiveCfg = Debug|Any CPU
		{D7AAF725-E432-4F52-9A14-BF58FE76974F}.Debug|Any CPU.Build.0 = Debug|Any CPU
		{D7AAF725-E432-4F52-9A14-BF58FE76974F}.Release|Any CPU.ActiveCfg = Release|Any CPU
		{D7AAF725-E432-4F52-9A14-BF58FE76974F}.Release|Any CPU.Build.0 = Release|Any CPU
	EndGlobalSection
	GlobalSection(SolutionProperties) = preSolution
		HideSolutionNode = FALSE
	EndGlobalSection
	GlobalSection(ExtensibilityGlobals) = postSolution
		SolutionGuid = {540DBF4D-62C2-45F5-91AD-219EAE467B14}
	EndGlobalSection
EndGlobal
